<Solution>
  <Configurations>
    <Platform Name="ARM64" />
    <Platform Name="x64" />
  </Configurations>
  <Project Path="smodr/smodr.csproj">
    <Platform Solution="*|ARM64" Project="ARM64" />
    <Platform Solution="*|x64" Project="x64" />
    <Deploy />
  </Project>
  <Project Path="smodr.RadioCore/smodr.RadioCore.csproj" />
  <Project Path="Cascadia.RadioBrowser/Cascadia.RadioBrowser.csproj" />
  <Project Path="Cascadia.Radio/Cascadia.Radio.csproj" />
  <Project Path="Cascadia.Radio.Metadata/Cascadia.Radio.Metadata.csproj" />
  <Project Path="Cascadia.Radio.Services/Cascadia.Radio.Services.csproj" />
  <Project Path="smodr.RadioSmoke/smodr.RadioSmoke.csproj" />
  <Project Path="smodr.HeadlessPerf/smodr.HeadlessPerf.csproj">
    <Platform Solution="*|ARM64" Project="ARM64" />
    <Platform Solution="*|x64" Project="x64" />
  </Project>
  <Project Path="smodr.Tests/smodr.Tests.csproj">
    <Platform Solution="*|ARM64" Project="ARM64" />
    <Platform Solution="*|x64" Project="x64" />
  </Project>
</Solution>
